
Microsoft Visual Studio Solution File, Format Version 12.00
# Visual Studio Version 17
VisualStudioVersion = 17.7.34009.444
MinimumVisualStudioVersion = 10.0.40219.1
Project("{FAE04EC0-301F-11D3-BF4B-00C04F79EFBC}") = "clinicaRyD", "clinicaRyD\clinicaRyD.csproj", "{572EA83D-3AF9-4FFC-A715-D8F9D1364002}"
EndProject
Global
	GlobalSection(SolutionConfigurationPlatforms) = preSolution
		Debug|Any CPU = Debug|Any CPU
		Release|Any CPU = Release|Any CPU
	EndGlobalSection
	GlobalSection(ProjectConfigurationPlatforms) = postSolution
		{572EA83D-3AF9-4FFC-A715-D8F9D1364002}.Debug|Any CPU.ActiveCfg = Debug|Any CPU
		{572EA83D-3AF9-4FFC-A715-D8F9D1364002}.Debug|Any CPU.Build.0 = Debug|Any CPU
		{572EA83D-3AF9-4FFC-A715-D8F9D1364002}.Release|Any CPU.ActiveCfg = Release|Any CPU
		{572EA83D-3AF9-4FFC-A715-D8F9D1364002}.Release|Any CPU.Build.0 = Release|Any CPU
	EndGlobalSection
	GlobalSection(SolutionProperties) = preSolution
		HideSolutionNode = FALSE
	EndGlobalSection
	GlobalSection(ExtensibilityGlobals) = postSolution
		SolutionGuid = {4024BD25-F83A-46B1-8C9E-1E24187437C3}
	EndGlobalSection
EndGlobal
